
Microsoft Visual Studio Solution File, Format Version 12.00
# Visual Studio 14
VisualStudioVersion = 14.0.25420.1
MinimumVisualStudioVersion = 10.0.40219.1
Project("{FAE04EC0-301F-11D3-BF4B-00C04F79EFBC}") = "SRA_Wortspiele", "SRA_Wortspiele\SRA_Wortspiele.csproj", "{80F5B08D-4156-4ABD-8AF6-E5C59AC78A6B}"
EndProject
Project("{FAE04EC0-301F-11D3-BF4B-00C04F79EFBC}") = "SRA_WortspieleServer", "SRA_WortspieleServer\SRA_WortspieleServer.csproj", "{CAB75F0C-04ED-4B37-A1D0-123BEA21F39C}"
EndProject
Global
	GlobalSection(SolutionConfigurationPlatforms) = preSolution
		Debug|Any CPU = Debug|Any CPU
		Release|Any CPU = Release|Any CPU
	EndGlobalSection
	GlobalSection(ProjectConfigurationPlatforms) = postSolution
		{80F5B08D-4156-4ABD-8AF6-E5C59AC78A6B}.Debug|Any CPU.ActiveCfg = Debug|Any CPU
		{80F5B08D-4156-4ABD-8AF6-E5C59AC78A6B}.Debug|Any CPU.Build.0 = Debug|Any CPU
		{80F5B08D-4156-4ABD-8AF6-E5C59AC78A6B}.Release|Any CPU.ActiveCfg = Release|Any CPU
		{80F5B08D-4156-4ABD-8AF6-E5C59AC78A6B}.Release|Any CPU.Build.0 = Release|Any CPU
		{CAB75F0C-04ED-4B37-A1D0-123BEA21F39C}.Debug|Any CPU.ActiveCfg = Debug|Any CPU
		{CAB75F0C-04ED-4B37-A1D0-123BEA21F39C}.Debug|Any CPU.Build.0 = Debug|Any CPU
		{CAB75F0C-04ED-4B37-A1D0-123BEA21F39C}.Release|Any CPU.ActiveCfg = Release|Any CPU
		{CAB75F0C-04ED-4B37-A1D0-123BEA21F39C}.Release|Any CPU.Build.0 = Release|Any CPU
	EndGlobalSection
	GlobalSection(SolutionProperties) = preSolution
		HideSolutionNode = FALSE
	EndGlobalSection
EndGlobal
